// !$*UTF8*$!
{
	archiveVersion = 1;
	classes = {
	};
	objectVersion = 51;
	objects = {

/* Begin PBXBuildFile section */
		0AD374B8245BD6FD00D15701 /* AppDelegate.swift in Sources */ = {isa = PBXBuildFile; fileRef = 0AD374B7245BD6FD00D15701 /* AppDelegate.swift */; };
		0AD374BA245BD6FD00D15701 /* SceneDelegate.swift in Sources */ = {isa = PBXBuildFile; fileRef = 0AD374B9245BD6FD00D15701 /* SceneDelegate.swift */; };
		0AD374BC245BD6FD00D15701 /* ViewController.swift in Sources */ = {isa = PBXBuildFile; fileRef = 0AD374BB245BD6FD00D15701 /* ViewController.swift */; };
		0AD374BF245BD6FD00D15701 /* Main.storyboard in Resources */ = {isa = PBXBuildFile; fileRef = 0AD374BD245BD6FD00D15701 /* Main.storyboard */; };
		0AD374C1245BD70000D15701 /* Assets.xcassets in Resources */ = {isa = PBXBuildFile; fileRef = 0AD374C0245BD70000D15701 /* Assets.xcassets */; };
		0AD374C4245BD70000D15701 /* LaunchScreen.storyboard in Resources */ = {isa = PBXBuildFile; fileRef = 0AD374C2245BD70000D15701 /* LaunchScreen.storyboard */; };
		0AD374CF245BD70000D15701 /* MVVMRxSwiftTests.swift in Sources */ = {isa = PBXBuildFile; fileRef = 0AD374CE245BD70000D15701 /* MVVMRxSwiftTests.swift */; };
		0AD374DA245BD70000D15701 /* MVVMRxSwiftUITests.swift in Sources */ = {isa = PBXBuildFile; fileRef = 0AD374D9245BD70000D15701 /* MVVMRxSwiftUITests.swift */; };
		0AD374E8245BD8D400D15701 /* AppCoordinator.swift in Sources */ = {isa = PBXBuildFile; fileRef = 0AD374E7245BD8D400D15701 /* AppCoordinator.swift */; };
		0AD374EA245BDAFC00D15701 /* restaurants.json in Resources */ = {isa = PBXBuildFile; fileRef = 0AD374E9245BDAFC00D15701 /* restaurants.json */; };
		0AD374EC245BDB9400D15701 /* Restaurant.swift in Sources */ = {isa = PBXBuildFile; fileRef = 0AD374EB245BDB9400D15701 /* Restaurant.swift */; };
		0AD374EE245BDCB500D15701 /* RestaurantService.swift in Sources */ = {isa = PBXBuildFile; fileRef = 0AD374ED245BDCB500D15701 /* RestaurantService.swift */; };
		0AD374F0245C922E00D15701 /* RestaurantsListViewModel.swift in Sources */ = {isa = PBXBuildFile; fileRef = 0AD374EF245C922E00D15701 /* RestaurantsListViewModel.swift */; };
		0AD374F2245C937500D15701 /* RestaurantViewModel.swift in Sources */ = {isa = PBXBuildFile; fileRef = 0AD374F1245C937500D15701 /* RestaurantViewModel.swift */; };
		222A8D5C9E9990C8DFA836C8 /* Pods_MVVMRxSwift.framework in Frameworks */ = {isa = PBXBuildFile; fileRef = 3B0806F3A6129BF0BAB30A5C /* Pods_MVVMRxSwift.framework */; };
		DD3620D8741D640913D82BBC /* Pods_MVVMRxSwift_MVVMRxSwiftUITests.framework in Frameworks */ = {isa = PBXBuildFile; fileRef = F1B2A6A82AEC5EE9C42B1C03 /* Pods_MVVMRxSwift_MVVMRxSwiftUITests.framework */; };
		DFFA66DF9A2A3AD97C9D205C /* Pods_MVVMRxSwiftTests.framework in Frameworks */ = {isa = PBXBuildFile; fileRef = 2C8BEF48ACD3C97270B86307 /* Pods_MVVMRxSwiftTests.framework */; };
/* End PBXBuildFile section */

/* Begin PBXContainerItemProxy section */
		0AD374CB245BD70000D15701 /* PBXContainerItemProxy */ = {
			isa = PBXContainerItemProxy;
			containerPortal = 0AD374AC245BD6FD00D15701 /* Project object */;
			proxyType = 1;
			remoteGlobalIDString = 0AD374B3245BD6FD00D15701;
			remoteInfo = MVVMRxSwift;
		};
		0AD374D6245BD70000D15701 /* PBXContainerItemProxy */ = {
			isa = PBXContainerItemProxy;
			containerPortal = 0AD374AC245BD6FD00D15701 /* Project object */;
			proxyType = 1;
			remoteGlobalIDString = 0AD374B3245BD6FD00D15701;
			remoteInfo = MVVMRxSwift;
		};
/* End PBXContainerItemProxy section */

/* Begin PBXFileReference section */
		0AD374B4245BD6FD00D15701 /* MVVMRxSwift.app */ = {isa = PBXFileReference; explicitFileType = wrapper.application; includeInIndex = 0; path = MVVMRxSwift.app; sourceTree = BUILT_PRODUCTS_DIR; };
		0AD374B7245BD6FD00D15701 /* AppDelegate.swift */ = {isa = PBXFileReference; lastKnownFileType = sourcecode.swift; path = AppDelegate.swift; sourceTree = "<group>"; };
		0AD374B9245BD6FD00D15701 /* SceneDelegate.swift */ = {isa = PBXFileReference; lastKnownFileType = sourcecode.swift; path = SceneDelegate.swift; sourceTree = "<group>"; };
		0AD374BB245BD6FD00D15701 /* ViewController.swift */ = {isa = PBXFileReference; lastKnownFileType = sourcecode.swift; path = ViewController.swift; sourceTree = "<group>"; };
		0AD374BE245BD6FD00D15701 /* Base */ = {isa = PBXFileReference; lastKnownFileType = file.storyboard; name = Base; path = Base.lproj/Main.storyboard; sourceTree = "<group>"; };
		0AD374C0245BD70000D15701 /* Assets.xcassets */ = {isa = PBXFileReference; lastKnownFileType = folder.assetcatalog; path = Assets.xcassets; sourceTree = "<group>"; };
		0AD374C3245BD70000D15701 /* Base */ = {isa = PBXFileReference; lastKnownFileType = file.storyboard; name = Base; path = Base.lproj/LaunchScreen.storyboard; sourceTree = "<group>"; };
		0AD374C5245BD70000D15701 /* Info.plist */ = {isa = PBXFileReference; lastKnownFileType = text.plist.xml; path = Info.plist; sourceTree = "<group>"; };
		0AD374CA245BD70000D15701 /* MVVMRxSwiftTests.xctest */ = {isa = PBXFileReference; explicitFileType = wrapper.cfbundle; includeInIndex = 0; path = MVVMRxSwiftTests.xctest; sourceTree = BUILT_PRODUCTS_DIR; };
		0AD374CE245BD70000D15701 /* MVVMRxSwiftTests.swift */ = {isa = PBXFileReference; lastKnownFileType = sourcecode.swift; path = MVVMRxSwiftTests.swift; sourceTree = "<group>"; };
		0AD374D0245BD70000D15701 /* Info.plist */ = {isa = PBXFileReference; lastKnownFileType = text.plist.xml; path = Info.plist; sourceTree = "<group>"; };
		0AD374D5245BD70000D15701 /* MVVMRxSwiftUITests.xctest */ = {isa = PBXFileReference; explicitFileType = wrapper.cfbundle; includeInIndex = 0; path = MVVMRxSwiftUITests.xctest; sourceTree = BUILT_PRODUCTS_DIR; };
		0AD374D9245BD70000D15701 /* MVVMRxSwiftUITests.swift */ = {isa = PBXFileReference; lastKnownFileType = sourcecode.swift; path = MVVMRxSwiftUITests.swift; sourceTree = "<group>"; };
		0AD374DB245BD70000D15701 /* Info.plist */ = {isa = PBXFileReference; lastKnownFileType = text.plist.xml; path = Info.plist; sourceTree = "<group>"; };
		0AD374E7245BD8D400D15701 /* AppCoordinator.swift */ = {isa = PBXFileReference; lastKnownFileType = sourcecode.swift; path = AppCoordinator.swift; sourceTree = "<group>"; };
		0AD374E9245BDAFC00D15701 /* restaurants.json */ = {isa = PBXFileReference; lastKnownFileType = text.json; path = restaurants.json; sourceTree = "<group>"; };
		0AD374EB245BDB9400D15701 /* Restaurant.swift */ = {isa = PBXFileReference; lastKnownFileType = sourcecode.swift; path = Restaurant.swift; sourceTree = "<group>"; };
		0AD374ED245BDCB500D15701 /* RestaurantService.swift */ = {isa = PBXFileReference; lastKnownFileType = sourcecode.swift; path = RestaurantService.swift; sourceTree = "<group>"; };
		0AD374EF245C922E00D15701 /* RestaurantsListViewModel.swift */ = {isa = PBXFileReference; lastKnownFileType = sourcecode.swift; path = RestaurantsListViewModel.swift; sourceTree = "<group>"; };
		0AD374F1245C937500D15701 /* RestaurantViewModel.swift */ = {isa = PBXFileReference; lastKnownFileType = sourcecode.swift; path = RestaurantViewModel.swift; sourceTree = "<group>"; };
		1ACF5E3524C0A6A9431B3B28 /* Pods-MVVMRxSwiftTests.debug.xcconfig */ = {isa = PBXFileReference; includeInIndex = 1; lastKnownFileType = text.xcconfig; name = "Pods-MVVMRxSwiftTests.debug.xcconfig"; path = "Target Support Files/Pods-MVVMRxSwiftTests/Pods-MVVMRxSwiftTests.debug.xcconfig"; sourceTree = "<group>"; };
		2C8BEF48ACD3C97270B86307 /* Pods_MVVMRxSwiftTests.framework */ = {isa = PBXFileReference; explicitFileType = wrapper.framework; includeInIndex = 0; path = Pods_MVVMRxSwiftTests.framework; sourceTree = BUILT_PRODUCTS_DIR; };
		3B0806F3A6129BF0BAB30A5C /* Pods_MVVMRxSwift.framework */ = {isa = PBXFileReference; explicitFileType = wrapper.framework; includeInIndex = 0; path = Pods_MVVMRxSwift.framework; sourceTree = BUILT_PRODUCTS_DIR; };
		47F5926C1114F8D02FFC91A0 /* Pods-MVVMRxSwiftTests.release.xcconfig */ = {isa = PBXFileReference; includeInIndex = 1; lastKnownFileType = text.xcconfig; name = "Pods-MVVMRxSwiftTests.release.xcconfig"; path = "Target Support Files/Pods-MVVMRxSwiftTests/Pods-MVVMRxSwiftTests.release.xcconfig"; sourceTree = "<group>"; };
		48EE426DF8328F3C4692F8E3 /* Pods-MVVMRxSwift.release.xcconfig */ = {isa = PBXFileReference; includeInIndex = 1; lastKnownFileType = text.xcconfig; name = "Pods-MVVMRxSwift.release.xcconfig"; path = "Target Support Files/Pods-MVVMRxSwift/Pods-MVVMRxSwift.release.xcconfig"; sourceTree = "<group>"; };
		62BE16BDA80D5FFFDBADFED7 /* Pods-MVVMRxSwift-MVVMRxSwiftUITests.release.xcconfig */ = {isa = PBXFileReference; includeInIndex = 1; lastKnownFileType = text.xcconfig; name = "Pods-MVVMRxSwift-MVVMRxSwiftUITests.release.xcconfig"; path = "Target Support Files/Pods-MVVMRxSwift-MVVMRxSwiftUITests/Pods-MVVMRxSwift-MVVMRxSwiftUITests.release.xcconfig"; sourceTree = "<group>"; };
		D17D28F5E068B3B40D4D4022 /* Pods-MVVMRxSwift.debug.xcconfig */ = {isa = PBXFileReference; includeInIndex = 1; lastKnownFileType = text.xcconfig; name = "Pods-MVVMRxSwift.debug.xcconfig"; path = "Target Support Files/Pods-MVVMRxSwift/Pods-MVVMRxSwift.debug.xcconfig"; sourceTree = "<group>"; };
		D95A5D8F9220CFBA77A8044F /* Pods-MVVMRxSwift-MVVMRxSwiftUITests.debug.xcconfig */ = {isa = PBXFileReference; includeInIndex = 1; lastKnownFileType = text.xcconfig; name = "Pods-MVVMRxSwift-MVVMRxSwiftUITests.debug.xcconfig"; path = "Target Support Files/Pods-MVVMRxSwift-MVVMRxSwiftUITests/Pods-MVVMRxSwift-MVVMRxSwiftUITests.debug.xcconfig"; sourceTree = "<group>"; };
		F1B2A6A82AEC5EE9C42B1C03 /* Pods_MVVMRxSwift_MVVMRxSwiftUITests.framework */ = {isa = PBXFileReference; explicitFileType = wrapper.framework; includeInIndex = 0; path = Pods_MVVMRxSwift_MVVMRxSwiftUITests.framework; sourceTree = BUILT_PRODUCTS_DIR; };
/* End PBXFileReference section */

/* Begin PBXFrameworksBuildPhase section */
		0AD374B1245BD6FD00D15701 /* Frameworks */ = {
			isa = PBXFrameworksBuildPhase;
			buildActionMask = 2147483647;
			files = (
				222A8D5C9E9990C8DFA836C8 /* Pods_MVVMRxSwift.framework in Frameworks */,
			);
			runOnlyForDeploymentPostprocessing = 0;
		};
		0AD374C7245BD70000D15701 /* Frameworks */ = {
			isa = PBXFrameworksBuildPhase;
			buildActionMask = 2147483647;
			files = (
				DFFA66DF9A2A3AD97C9D205C /* Pods_MVVMRxSwiftTests.framework in Frameworks */,
			);
			runOnlyForDeploymentPostprocessing = 0;
		};
		0AD374D2245BD70000D15701 /* Frameworks */ = {
			isa = PBXFrameworksBuildPhase;
			buildActionMask = 2147483647;
			files = (
				DD3620D8741D640913D82BBC /* Pods_MVVMRxSwift_MVVMRxSwiftUITests.framework in Frameworks */,
			);
			runOnlyForDeploymentPostprocessing = 0;
		};
/* End PBXFrameworksBuildPhase section */

/* Begin PBXGroup section */
		0AD374AB245BD6FD00D15701 = {
			isa = PBXGroup;
			children = (
				0AD374B6245BD6FD00D15701 /* MVVMRxSwift */,
				0AD374CD245BD70000D15701 /* MVVMRxSwiftTests */,
				0AD374D8245BD70000D15701 /* MVVMRxSwiftUITests */,
				0AD374B5245BD6FD00D15701 /* Products */,
				452A8DF62E769A1AD67B87BC /* Pods */,
				BE3385E0D63198A304087C19 /* Frameworks */,
			);
			sourceTree = "<group>";
		};
		0AD374B5245BD6FD00D15701 /* Products */ = {
			isa = PBXGroup;
			children = (
				0AD374B4245BD6FD00D15701 /* MVVMRxSwift.app */,
				0AD374CA245BD70000D15701 /* MVVMRxSwiftTests.xctest */,
				0AD374D5245BD70000D15701 /* MVVMRxSwiftUITests.xctest */,
			);
			name = Products;
			sourceTree = "<group>";
		};
		0AD374B6245BD6FD00D15701 /* MVVMRxSwift */ = {
			isa = PBXGroup;
			children = (
				0AD374B7245BD6FD00D15701 /* AppDelegate.swift */,
				0AD374B9245BD6FD00D15701 /* SceneDelegate.swift */,
				0AD374BB245BD6FD00D15701 /* ViewController.swift */,
				0AD374BD245BD6FD00D15701 /* Main.storyboard */,
				0AD374C0245BD70000D15701 /* Assets.xcassets */,
				0AD374C2245BD70000D15701 /* LaunchScreen.storyboard */,
				0AD374C5245BD70000D15701 /* Info.plist */,
				0AD374E7245BD8D400D15701 /* AppCoordinator.swift */,
				0AD374E9245BDAFC00D15701 /* restaurants.json */,
				0AD374EB245BDB9400D15701 /* Restaurant.swift */,
				0AD374ED245BDCB500D15701 /* RestaurantService.swift */,
				0AD374EF245C922E00D15701 /* RestaurantsListViewModel.swift */,
				0AD374F1245C937500D15701 /* RestaurantViewModel.swift */,
			);
			path = MVVMRxSwift;
			sourceTree = "<group>";
		};
		0AD374CD245BD70000D15701 /* MVVMRxSwiftTests */ = {
			isa = PBXGroup;
			children = (
				0AD374CE245BD70000D15701 /* MVVMRxSwiftTests.swift */,
				0AD374D0245BD70000D15701 /* Info.plist */,
			);
			path = MVVMRxSwiftTests;
			sourceTree = "<group>";
		};
		0AD374D8245BD70000D15701 /* MVVMRxSwiftUITests */ = {
			isa = PBXGroup;
			children = (
				0AD374D9245BD70000D15701 /* MVVMRxSwiftUITests.swift */,
				0AD374DB245BD70000D15701 /* Info.plist */,
			);
			path = MVVMRxSwiftUITests;
			sourceTree = "<group>";
		};
		452A8DF62E769A1AD67B87BC /* Pods */ = {
			isa = PBXGroup;
			children = (
				D17D28F5E068B3B40D4D4022 /* Pods-MVVMRxSwift.debug.xcconfig */,
				48EE426DF8328F3C4692F8E3 /* Pods-MVVMRxSwift.release.xcconfig */,
				D95A5D8F9220CFBA77A8044F /* Pods-MVVMRxSwift-MVVMRxSwiftUITests.debug.xcconfig */,
				62BE16BDA80D5FFFDBADFED7 /* Pods-MVVMRxSwift-MVVMRxSwiftUITests.release.xcconfig */,
				1ACF5E3524C0A6A9431B3B28 /* Pods-MVVMRxSwiftTests.debug.xcconfig */,
				47F5926C1114F8D02FFC91A0 /* Pods-MVVMRxSwiftTests.release.xcconfig */,
			);
			path = Pods;
			sourceTree = "<group>";
		};
		BE3385E0D63198A304087C19 /* Frameworks */ = {
			isa = PBXGroup;
			children = (
				3B0806F3A6129BF0BAB30A5C /* Pods_MVVMRxSwift.framework */,
				F1B2A6A82AEC5EE9C42B1C03 /* Pods_MVVMRxSwift_MVVMRxSwiftUITests.framework */,
				2C8BEF48ACD3C97270B86307 /* Pods_MVVMRxSwiftTests.framework */,
			);
			name = Frameworks;
			sourceTree = "<group>";
		};
/* End PBXGroup section */

/* Begin PBXNativeTarget section */
		0AD374B3245BD6FD00D15701 /* MVVMRxSwift */ = {
			isa = PBXNativeTarget;
			buildConfigurationList = 0AD374DE245BD70000D15701 /* Build configuration list for PBXNativeTarget "MVVMRxSwift" */;
			buildPhases = (
				2ABE1B347A4D02D1E06FDC41 /* [CP] Check Pods Manifest.lock */,
				0AD374B0245BD6FD00D15701 /* Sources */,
				0AD374B1245BD6FD00D15701 /* Frameworks */,
				0AD374B2245BD6FD00D15701 /* Resources */,
				84C551A0E967AEB18510AE6E /* [CP] Embed Pods Frameworks */,
			);
			buildRules = (
			);
			dependencies = (
			);
			name = MVVMRxSwift;
			productName = MVVMRxSwift;
			productReference = 0AD374B4245BD6FD00D15701 /* MVVMRxSwift.app */;
			productType = "com.apple.product-type.application";
		};
		0AD374C9245BD70000D15701 /* MVVMRxSwiftTests */ = {
			isa = PBXNativeTarget;
			buildConfigurationList = 0AD374E1245BD70000D15701 /* Build configuration list for PBXNativeTarget "MVVMRxSwiftTests" */;
			buildPhases = (
				10084F93A51ABA7BF9942164 /* [CP] Check Pods Manifest.lock */,
				0AD374C6245BD70000D15701 /* Sources */,
				0AD374C7245BD70000D15701 /* Frameworks */,
				0AD374C8245BD70000D15701 /* Resources */,
			);
			buildRules = (
			);
			dependencies = (
				0AD374CC245BD70000D15701 /* PBXTargetDependency */,
			);
			name = MVVMRxSwiftTests;
			productName = MVVMRxSwiftTests;
			productReference = 0AD374CA245BD70000D15701 /* MVVMRxSwiftTests.xctest */;
			productType = "com.apple.product-type.bundle.unit-test";
		};
		0AD374D4245BD70000D15701 /* MVVMRxSwiftUITests */ = {
			isa = PBXNativeTarget;
			buildConfigurationList = 0AD374E4245BD70000D15701 /* Build configuration list for PBXNativeTarget "MVVMRxSwiftUITests" */;
			buildPhases = (
				6DF930265F36DE19A7FAE9EA /* [CP] Check Pods Manifest.lock */,
				0AD374D1245BD70000D15701 /* Sources */,
				0AD374D2245BD70000D15701 /* Frameworks */,
				0AD374D3245BD70000D15701 /* Resources */,
				B4CADDB313CB081E20E3F182 /* [CP] Embed Pods Frameworks */,
			);
			buildRules = (
			);
			dependencies = (
				0AD374D7245BD70000D15701 /* PBXTargetDependency */,
			);
			name = MVVMRxSwiftUITests;
			productName = MVVMRxSwiftUITests;
			productReference = 0AD374D5245BD70000D15701 /* MVVMRxSwiftUITests.xctest */;
			productType = "com.apple.product-type.bundle.ui-testing";
		};
/* End PBXNativeTarget section */

/* Begin PBXProject section */
		0AD374AC245BD6FD00D15701 /* Project object */ = {
			isa = PBXProject;
			attributes = {
				LastSwiftUpdateCheck = 1130;
				LastUpgradeCheck = 1130;
				ORGANIZATIONNAME = "Leo Moon";
				TargetAttributes = {
					0AD374B3245BD6FD00D15701 = {
						CreatedOnToolsVersion = 11.3.1;
					};
					0AD374C9245BD70000D15701 = {
						CreatedOnToolsVersion = 11.3.1;
						TestTargetID = 0AD374B3245BD6FD00D15701;
					};
					0AD374D4245BD70000D15701 = {
						CreatedOnToolsVersion = 11.3.1;
						TestTargetID = 0AD374B3245BD6FD00D15701;
					};
				};
			};
			buildConfigurationList = 0AD374AF245BD6FD00D15701 /* Build configuration list for PBXProject "MVVMRxSwift" */;
			compatibilityVersion = "Xcode 9.3";
			developmentRegion = en;
			hasScannedForEncodings = 0;
			knownRegions = (
				en,
				Base,
			);
			mainGroup = 0AD374AB245BD6FD00D15701;
			productRefGroup = 0AD374B5245BD6FD00D15701 /* Products */;
			projectDirPath = "";
			projectRoot = "";
			targets = (
				0AD374B3245BD6FD00D15701 /* MVVMRxSwift */,
				0AD374C9245BD70000D15701 /* MVVMRxSwiftTests */,
				0AD374D4245BD70000D15701 /* MVVMRxSwiftUITests */,
			);
		};
/* End PBXProject section */

/* Begin PBXResourcesBuildPhase section */
		0AD374B2245BD6FD00D15701 /* Resources */ = {
			isa = PBXResourcesBuildPhase;
			buildActionMask = 2147483647;
			files = (
				0AD374EA245BDAFC00D15701 /* restaurants.json in Resources */,
				0AD374C4245BD70000D15701 /* LaunchScreen.storyboard in Resources */,
				0AD374C1245BD70000D15701 /* Assets.xcassets in Resources */,
				0AD374BF245BD6FD00D15701 /* Main.storyboard in Resources */,
			);
			runOnlyForDeploymentPostprocessing = 0;
		};
		0AD374C8245BD70000D15701 /* Resources */ = {
			isa = PBXResourcesBuildPhase;
			buildActionMask = 2147483647;
			files = (
			);
			runOnlyForDeploymentPostprocessing = 0;
		};
		0AD374D3245BD70000D15701 /* Resources */ = {
			isa = PBXResourcesBuildPhase;
			buildActionMask = 2147483647;
			files = (
			);
			runOnlyForDeploymentPostprocessing = 0;
		};
/* End PBXResourcesBuildPhase section */

/* Begin PBXShellScriptBuildPhase section */
		10084F93A51ABA7BF9942164 /* [CP] Check Pods Manifest.lock */ = {
			isa = PBXShellScriptBuildPhase;
			buildActionMask = 2147483647;
			files = (
			);
			inputFileListPaths = (
			);
			inputPaths = (
				"${PODS_PODFILE_DIR_PATH}/Podfile.lock",
				"${PODS_ROOT}/Manifest.lock",
			);
			name = "[CP] Check Pods Manifest.lock";
			outputFileListPaths = (
			);
			outputPaths = (
				"$(DERIVED_FILE_DIR)/Pods-MVVMRxSwiftTests-checkManifestLockResult.txt",
			);
			runOnlyForDeploymentPostprocessing = 0;
			shellPath = /bin/sh;
			shellScript = "diff \"${PODS_PODFILE_DIR_PATH}/Podfile.lock\" \"${PODS_ROOT}/Manifest.lock\" > /dev/null\nif [ $? != 0 ] ; then\n    # print error to STDERR\n    echo \"error: The sandbox is not in sync with the Podfile.lock. Run 'pod install' or update your CocoaPods installation.\" >&2\n    exit 1\nfi\n# This output is used by Xcode 'outputs' to avoid re-running this script phase.\necho \"SUCCESS\" > \"${SCRIPT_OUTPUT_FILE_0}\"\n";
			showEnvVarsInLog = 0;
		};
		2ABE1B347A4D02D1E06FDC41 /* [CP] Check Pods Manifest.lock */ = {
			isa = PBXShellScriptBuildPhase;
			buildActionMask = 2147483647;
			files = (
			);
			inputFileListPaths = (
			);
			inputPaths = (
				"${PODS_PODFILE_DIR_PATH}/Podfile.lock",
				"${PODS_ROOT}/Manifest.lock",
			);
			name = "[CP] Check Pods Manifest.lock";
			outputFileListPaths = (
			);
			outputPaths = (
				"$(DERIVED_FILE_DIR)/Pods-MVVMRxSwift-checkManifestLockResult.txt",
			);
			runOnlyForDeploymentPostprocessing = 0;
			shellPath = /bin/sh;
			shellScript = "diff \"${PODS_PODFILE_DIR_PATH}/Podfile.lock\" \"${PODS_ROOT}/Manifest.lock\" > /dev/null\nif [ $? != 0 ] ; then\n    # print error to STDERR\n    echo \"error: The sandbox is not in sync with the Podfile.lock. Run 'pod install' or update your CocoaPods installation.\" >&2\n    exit 1\nfi\n# This output is used by Xcode 'outputs' to avoid re-running this script phase.\necho \"SUCCESS\" > \"${SCRIPT_OUTPUT_FILE_0}\"\n";
			showEnvVarsInLog = 0;
		};
		6DF930265F36DE19A7FAE9EA /* [CP] Check Pods Manifest.lock */ = {
			isa = PBXShellScriptBuildPhase;
			buildActionMask = 2147483647;
			files = (
			);
			inputFileListPaths = (
			);
			inputPaths = (
				"${PODS_PODFILE_DIR_PATH}/Podfile.lock",
				"${PODS_ROOT}/Manifest.lock",
			);
			name = "[CP] Check Pods Manifest.lock";
			outputFileListPaths = (
			);
			outputPaths = (
				"$(DERIVED_FILE_DIR)/Pods-MVVMRxSwift-MVVMRxSwiftUITests-checkManifestLockResult.txt",
			);
			runOnlyForDeploymentPostprocessing = 0;
			shellPath = /bin/sh;
			shellScript = "diff \"${PODS_PODFILE_DIR_PATH}/Podfile.lock\" \"${PODS_ROOT}/Manifest.lock\" > /dev/null\nif [ $? != 0 ] ; then\n    # print error to STDERR\n    echo \"error: The sandbox is not in sync with the Podfile.lock. Run 'pod install' or update your CocoaPods installation.\" >&2\n    exit 1\nfi\n# This output is used by Xcode 'outputs' to avoid re-running this script phase.\necho \"SUCCESS\" > \"${SCRIPT_OUTPUT_FILE_0}\"\n";
			showEnvVarsInLog = 0;
		};
		84C551A0E967AEB18510AE6E /* [CP] Embed Pods Frameworks */ = {
			isa = PBXShellScriptBuildPhase;
			buildActionMask = 2147483647;
			files = (
			);
			inputFileListPaths = (
				"${PODS_ROOT}/Target Support Files/Pods-MVVMRxSwift/Pods-MVVMRxSwift-frameworks-${CONFIGURATION}-input-files.xcfilelist",
			);
			name = "[CP] Embed Pods Frameworks";
			outputFileListPaths = (
				"${PODS_ROOT}/Target Support Files/Pods-MVVMRxSwift/Pods-MVVMRxSwift-frameworks-${CONFIGURATION}-output-files.xcfilelist",
			);
			runOnlyForDeploymentPostprocessing = 0;
			shellPath = /bin/sh;
			shellScript = "\"${PODS_ROOT}/Target Support Files/Pods-MVVMRxSwift/Pods-MVVMRxSwift-frameworks.sh\"\n";
			showEnvVarsInLog = 0;
		};
		B4CADDB313CB081E20E3F182 /* [CP] Embed Pods Frameworks */ = {
			isa = PBXShellScriptBuildPhase;
			buildActionMask = 2147483647;
			files = (
			);
			inputFileListPaths = (
				"${PODS_ROOT}/Target Support Files/Pods-MVVMRxSwift-MVVMRxSwiftUITests/Pods-MVVMRxSwift-MVVMRxSwiftUITests-frameworks-${CONFIGURATION}-input-files.xcfilelist",
			);
			name = "[CP] Embed Pods Frameworks";
			outputFileListPaths = (
				"${PODS_ROOT}/Target Support Files/Pods-MVVMRxSwift-MVVMRxSwiftUITests/Pods-MVVMRxSwift-MVVMRxSwiftUITests-frameworks-${CONFIGURATION}-output-files.xcfilelist",
			);
			runOnlyForDeploymentPostprocessing = 0;
			shellPath = /bin/sh;
			shellScript = "\"${PODS_ROOT}/Target Support Files/Pods-MVVMRxSwift-MVVMRxSwiftUITests/Pods-MVVMRxSwift-MVVMRxSwiftUITests-frameworks.sh\"\n";
			showEnvVarsInLog = 0;
		};
/* End PBXShellScriptBuildPhase section */

/* Begin PBXSourcesBuildPhase section */
		0AD374B0245BD6FD00D15701 /* Sources */ = {
			isa = PBXSourcesBuildPhase;
			buildActionMask = 2147483647;
			files = (
				0AD374EC245BDB9400D15701 /* Restaurant.swift in Sources */,
				0AD374F2245C937500D15701 /* RestaurantViewModel.swift in Sources */,
				0AD374E8245BD8D400D15701 /* AppCoordinator.swift in Sources */,
				0AD374BC245BD6FD00D15701 /* ViewController.swift in Sources */,
				0AD374B8245BD6FD00D15701 /* AppDelegate.swift in Sources */,
				0AD374EE245BDCB500D15701 /* RestaurantService.swift in Sources */,
				0AD374F0245C922E00D15701 /* RestaurantsListViewModel.swift in Sources */,
				0AD374BA245BD6FD00D15701 /* SceneDelegate.swift in Sources */,
			);
			runOnlyForDeploymentPostprocessing = 0;
		};
		0AD374C6245BD70000D15701 /* Sources */ = {
			isa = PBXSourcesBuildPhase;
			buildActionMask = 2147483647;
			files = (
				0AD374CF245BD70000D15701 /* MVVMRxSwiftTests.swift in Sources */,
			);
			runOnlyForDeploymentPostprocessing = 0;
		};
		0AD374D1245BD70000D15701 /* Sources */ = {
			isa = PBXSourcesBuildPhase;
			buildActionMask = 2147483647;
			files = (
				0AD374DA245BD70000D15701 /* MVVMRxSwiftUITests.swift in Sources */,
			);
			runOnlyForDeploymentPostprocessing = 0;
		};
/* End PBXSourcesBuildPhase section */

/* Begin PBXTargetDependency section */
		0AD374CC245BD70000D15701 /* PBXTargetDependency */ = {
			isa = PBXTargetDependency;
			target = 0AD374B3245BD6FD00D15701 /* MVVMRxSwift */;
			targetProxy = 0AD374CB245BD70000D15701 /* PBXContainerItemProxy */;
		};
		0AD374D7245BD70000D15701 /* PBXTargetDependency */ = {
			isa = PBXTargetDependency;
			target = 0AD374B3245BD6FD00D15701 /* MVVMRxSwift */;
			targetProxy = 0AD374D6245BD70000D15701 /* PBXContainerItemProxy */;
		};
/* End PBXTargetDependency section */

/* Begin PBXVariantGroup section */
		0AD374BD245BD6FD00D15701 /* Main.storyboard */ = {
			isa = PBXVariantGroup;
			children = (
				0AD374BE245BD6FD00D15701 /* Base */,
			);
			name = Main.storyboard;
			sourceTree = "<group>";
		};
		0AD374C2245BD70000D15701 /* LaunchScreen.storyboard */ = {
			isa = PBXVariantGroup;
			children = (
				0AD374C3245BD70000D15701 /* Base */,
			);
			name = LaunchScreen.storyboard;
			sourceTree = "<group>";
		};
/* End PBXVariantGroup section */

/* Begin XCBuildConfiguration section */
		0AD374DC245BD70000D15701 /* Debug */ = {
			isa = XCBuildConfiguration;
			buildSettings = {
				ALWAYS_SEARCH_USER_PATHS = NO;
				CLANG_ANALYZER_NONNULL = YES;
				CLANG_ANALYZER_NUMBER_OBJECT_CONVERSION = YES_AGGRESSIVE;
				CLANG_CXX_LANGUAGE_STANDARD = "gnu++14";
				CLANG_CXX_LIBRARY = "libc++";
				CLANG_ENABLE_MODULES = YES;
				CLANG_ENABLE_OBJC_ARC = YES;
				CLANG_ENABLE_OBJC_WEAK = YES;
				CLANG_WARN_BLOCK_CAPTURE_AUTORELEASING = YES;
				CLANG_WARN_BOOL_CONVERSION = YES;
				CLANG_WARN_COMMA = YES;
				CLANG_WARN_CONSTANT_CONVERSION = YES;
				CLANG_WARN_DEPRECATED_OBJC_IMPLEMENTATIONS = YES;
				CLANG_WARN_DIRECT_OBJC_ISA_USAGE = YES_ERROR;
				CLANG_WARN_DOCUMENTATION_COMMENTS = YES;
				CLANG_WARN_EMPTY_BODY = YES;
				CLANG_WARN_ENUM_CONVERSION = YES;
				CLANG_WARN_INFINITE_RECURSION = YES;
				CLANG_WARN_INT_CONVERSION = YES;
				CLANG_WARN_NON_LITERAL_NULL_CONVERSION = YES;
				CLANG_WARN_OBJC_IMPLICIT_RETAIN_SELF = YES;
				CLANG_WARN_OBJC_LITERAL_CONVERSION = YES;
				CLANG_WARN_OBJC_ROOT_CLASS = YES_ERROR;
				CLANG_WARN_RANGE_LOOP_ANALYSIS = YES;
				CLANG_WARN_STRICT_PROTOTYPES = YES;
				CLANG_WARN_SUSPICIOUS_MOVE = YES;
				CLANG_WARN_UNGUARDED_AVAILABILITY = YES_AGGRESSIVE;
				CLANG_WARN_UNREACHABLE_CODE = YES;
				CLANG_WARN__DUPLICATE_METHOD_MATCH = YES;
				COPY_PHASE_STRIP = NO;
				DEBUG_INFORMATION_FORMAT = dwarf;
				ENABLE_STRICT_OBJC_MSGSEND = YES;
				ENABLE_TESTABILITY = YES;
				GCC_C_LANGUAGE_STANDARD = gnu11;
				GCC_DYNAMIC_NO_PIC = NO;
				GCC_NO_COMMON_BLOCKS = YES;
				GCC_OPTIMIZATION_LEVEL = 0;
				GCC_PREPROCESSOR_DEFINITIONS = (
					"DEBUG=1",
					"$(inherited)",
				);
				GCC_WARN_64_TO_32_BIT_CONVERSION = YES;
				GCC_WARN_ABOUT_RETURN_TYPE = YES_ERROR;
				GCC_WARN_UNDECLARED_SELECTOR = YES;
				GCC_WARN_UNINITIALIZED_AUTOS = YES_AGGRESSIVE;
				GCC_WARN_UNUSED_FUNCTION = YES;
				GCC_WARN_UNUSED_VARIABLE = YES;
				IPHONEOS_DEPLOYMENT_TARGET = 13.2;
				MTL_ENABLE_DEBUG_INFO = INCLUDE_SOURCE;
				MTL_FAST_MATH = YES;
				ONLY_ACTIVE_ARCH = YES;
				SDKROOT = iphoneos;
				SWIFT_ACTIVE_COMPILATION_CONDITIONS = DEBUG;
				SWIFT_OPTIMIZATION_LEVEL = "-Onone";
			};
			name = Debug;
		};
		0AD374DD245BD70000D15701 /* Release */ = {
			isa = XCBuildConfiguration;
			buildSettings = {
				ALWAYS_SEARCH_USER_PATHS = NO;
				CLANG_ANALYZER_NONNULL = YES;
				CLANG_ANALYZER_NUMBER_OBJECT_CONVERSION = YES_AGGRESSIVE;
				CLANG_CXX_LANGUAGE_STANDARD = "gnu++14";
				CLANG_CXX_LIBRARY = "libc++";
				CLANG_ENABLE_MODULES = YES;
				CLANG_ENABLE_OBJC_ARC = YES;
				CLANG_ENABLE_OBJC_WEAK = YES;
				CLANG_WARN_BLOCK_CAPTURE_AUTORELEASING = YES;
				CLANG_WARN_BOOL_CONVERSION = YES;
				CLANG_WARN_COMMA = YES;
				CLANG_WARN_CONSTANT_CONVERSION = YES;
				CLANG_WARN_DEPRECATED_OBJC_IMPLEMENTATIONS = YES;
				CLANG_WARN_DIRECT_OBJC_ISA_USAGE = YES_ERROR;
				CLANG_WARN_DOCUMENTATION_COMMENTS = YES;
				CLANG_WARN_EMPTY_BODY = YES;
				CLANG_WARN_ENUM_CONVERSION = YES;
				CLANG_WARN_INFINITE_RECURSION = YES;
				CLANG_WARN_INT_CONVERSION = YES;
				CLANG_WARN_NON_LITERAL_NULL_CONVERSION = YES;
				CLANG_WARN_OBJC_IMPLICIT_RETAIN_SELF = YES;
				CLANG_WARN_OBJC_LITERAL_CONVERSION = YES;
				CLANG_WARN_OBJC_ROOT_CLASS = YES_ERROR;
				CLANG_WARN_RANGE_LOOP_ANALYSIS = YES;
				CLANG_WARN_STRICT_PROTOTYPES = YES;
				CLANG_WARN_SUSPICIOUS_MOVE = YES;
				CLANG_WARN_UNGUARDED_AVAILABILITY = YES_AGGRESSIVE;
				CLANG_WARN_UNREACHABLE_CODE = YES;
				CLANG_WARN__DUPLICATE_METHOD_MATCH = YES;
				COPY_PHASE_STRIP = NO;
				DEBUG_INFORMATION_FORMAT = "dwarf-with-dsym";
				ENABLE_NS_ASSERTIONS = NO;
				ENABLE_STRICT_OBJC_MSGSEND = YES;
				GCC_C_LANGUAGE_STANDARD = gnu11;
				GCC_NO_COMMON_BLOCKS = YES;
				GCC_WARN_64_TO_32_BIT_CONVERSION = YES;
				GCC_WARN_ABOUT_RETURN_TYPE = YES_ERROR;
				GCC_WARN_UNDECLARED_SELECTOR = YES;
				GCC_WARN_UNINITIALIZED_AUTOS = YES_AGGRESSIVE;
				GCC_WARN_UNUSED_FUNCTION = YES;
				GCC_WARN_UNUSED_VARIABLE = YES;
				IPHONEOS_DEPLOYMENT_TARGET = 13.2;
				MTL_ENABLE_DEBUG_INFO = NO;
				MTL_FAST_MATH = YES;
				SDKROOT = iphoneos;
				SWIFT_COMPILATION_MODE = wholemodule;
				SWIFT_OPTIMIZATION_LEVEL = "-O";
				VALIDATE_PRODUCT = YES;
			};
			name = Release;
		};
		0AD374DF245BD70000D15701 /* Debug */ = {
			isa = XCBuildConfiguration;
			baseConfigurationReference = D17D28F5E068B3B40D4D4022 /* Pods-MVVMRxSwift.debug.xcconfig */;
			buildSettings = {
				ASSETCATALOG_COMPILER_APPICON_NAME = AppIcon;
				CODE_SIGN_STYLE = Automatic;
				INFOPLIST_FILE = MVVMRxSwift/Info.plist;
				LD_RUNPATH_SEARCH_PATHS = (
					"$(inherited)",
					"@executable_path/Frameworks",
				);
				PRODUCT_BUNDLE_IDENTIFIER = leoMoon.MVVMRxSwift;
				PRODUCT_NAME = "$(TARGET_NAME)";
				SWIFT_VERSION = 5.0;
				TARGETED_DEVICE_FAMILY = "1,2";
			};
			name = Debug;
		};
		0AD374E0245BD70000D15701 /* Release */ = {
			isa = XCBuildConfiguration;
			baseConfigurationReference = 48EE426DF8328F3C4692F8E3 /* Pods-MVVMRxSwift.release.xcconfig */;
			buildSettings = {
				ASSETCATALOG_COMPILER_APPICON_NAME = AppIcon;
				CODE_SIGN_STYLE = Automatic;
				INFOPLIST_FILE = MVVMRxSwift/Info.plist;
				LD_RUNPATH_SEARCH_PATHS = (
					"$(inherited)",
					"@executable_path/Frameworks",
				);
				PRODUCT_BUNDLE_IDENTIFIER = leoMoon.MVVMRxSwift;
				PRODUCT_NAME = "$(TARGET_NAME)";
				SWIFT_VERSION = 5.0;
				TARGETED_DEVICE_FAMILY = "1,2";
			};
			name = Release;
		};
		0AD374E2245BD70000D15701 /* Debug */ = {
			isa = XCBuildConfiguration;
			baseConfigurationReference = 1ACF5E3524C0A6A9431B3B28 /* Pods-MVVMRxSwiftTests.debug.xcconfig */;
			buildSettings = {
				ALWAYS_EMBED_SWIFT_STANDARD_LIBRARIES = YES;
				BUNDLE_LOADER = "$(TEST_HOST)";
				CODE_SIGN_STYLE = Automatic;
				INFOPLIST_FILE = MVVMRxSwiftTests/Info.plist;
				IPHONEOS_DEPLOYMENT_TARGET = 13.2;
				LD_RUNPATH_SEARCH_PATHS = (
					"$(inherited)",
					"@executable_path/Frameworks",
					"@loader_path/Frameworks",
				);
				PRODUCT_BUNDLE_IDENTIFIER = leoMoon.MVVMRxSwiftTests;
				PRODUCT_NAME = "$(TARGET_NAME)";
				SWIFT_VERSION = 5.0;
				TARGETED_DEVICE_FAMILY = "1,2";
				TEST_HOST = "$(BUILT_PRODUCTS_DIR)/MVVMRxSwift.app/MVVMRxSwift";
			};
			name = Debug;
		};
		0AD374E3245BD70000D15701 /* Release */ = {
			isa = XCBuildConfiguration;
			baseConfigurationReference = 47F5926C1114F8D02FFC91A0 /* Pods-MVVMRxSwiftTests.release.xcconfig */;
			buildSettings = {
				ALWAYS_EMBED_SWIFT_STANDARD_LIBRARIES = YES;
				BUNDLE_LOADER = "$(TEST_HOST)";
				CODE_SIGN_STYLE = Automatic;
				INFOPLIST_FILE = MVVMRxSwiftTests/Info.plist;
				IPHONEOS_DEPLOYMENT_TARGET = 13.2;
				LD_RUNPATH_SEARCH_PATHS = (
					"$(inherited)",
					"@executable_path/Frameworks",
					"@loader_path/Frameworks",
				);
				PRODUCT_BUNDLE_IDENTIFIER = leoMoon.MVVMRxSwiftTests;
				PRODUCT_NAME = "$(TARGET_NAME)";
				SWIFT_VERSION = 5.0;
				TARGETED_DEVICE_FAMILY = "1,2";
				TEST_HOST = "$(BUILT_PRODUCTS_DIR)/MVVMRxSwift.app/MVVMRxSwift";
			};
			name = Release;
		};
		0AD374E5245BD70000D15701 /* Debug */ = {
			isa = XCBuildConfiguration;
			baseConfigurationReference = D95A5D8F9220CFBA77A8044F /* Pods-MVVMRxSwift-MVVMRxSwiftUITests.debug.xcconfig */;
			buildSettings = {
				ALWAYS_EMBED_SWIFT_STANDARD_LIBRARIES = YES;
				CODE_SIGN_STYLE = Automatic;
				INFOPLIST_FILE = MVVMRxSwiftUITests/Info.plist;
				LD_RUNPATH_SEARCH_PATHS = (
					"$(inherited)",
					"@executable_path/Frameworks",
					"@loader_path/Frameworks",
				);
				PRODUCT_BUNDLE_IDENTIFIER = leoMoon.MVVMRxSwiftUITests;
				PRODUCT_NAME = "$(TARGET_NAME)";
				SWIFT_VERSION = 5.0;
				TARGETED_DEVICE_FAMILY = "1,2";
				TEST_TARGET_NAME = MVVMRxSwift;
			};
			name = Debug;
		};
		0AD374E6245BD70000D15701 /* Release */ = {
			isa = XCBuildConfiguration;
			baseConfigurationReference = 62BE16BDA80D5FFFDBADFED7 /* Pods-MVVMRxSwift-MVVMRxSwiftUITests.release.xcconfig */;
			buildSettings = {
				ALWAYS_EMBED_SWIFT_STANDARD_LIBRARIES = YES;
				CODE_SIGN_STYLE = Automatic;
				INFOPLIST_FILE = MVVMRxSwiftUITests/Info.plist;
				LD_RUNPATH_SEARCH_PATHS = (
					"$(inherited)",
					"@executable_path/Frameworks",
					"@loader_path/Frameworks",
				);
				PRODUCT_BUNDLE_IDENTIFIER = leoMoon.MVVMRxSwiftUITests;
				PRODUCT_NAME = "$(TARGET_NAME)";
				SWIFT_VERSION = 5.0;
				TARGETED_DEVICE_FAMILY = "1,2";
				TEST_TARGET_NAME = MVVMRxSwift;
			};
			name = Release;
		};
/* End XCBuildConfiguration section */

/* Begin XCConfigurationList section */
		0AD374AF245BD6FD00D15701 /* Build configuration list for PBXProject "MVVMRxSwift" */ = {
			isa = XCConfigurationList;
			buildConfigurations = (
				0AD374DC245BD70000D15701 /* Debug */,
				0AD374DD245BD70000D15701 /* Release */,
			);
			defaultConfigurationIsVisible = 0;
			defaultConfigurationName = Release;
		};
		0AD374DE245BD70000D15701 /* Build configuration list for PBXNativeTarget "MVVMRxSwift" */ = {
			isa = XCConfigurationList;
			buildConfigurations = (
				0AD374DF245BD70000D15701 /* Debug */,
				0AD374E0245BD70000D15701 /* Release */,
			);
			defaultConfigurationIsVisible = 0;
			defaultConfigurationName = Release;
		};
		0AD374E1245BD70000D15701 /* Build configuration list for PBXNativeTarget "MVVMRxSwiftTests" */ = {
			isa = XCConfigurationList;
			buildConfigurations = (
				0AD374E2245BD70000D15701 /* Debug */,
				0AD374E3245BD70000D15701 /* Release */,
			);
			defaultConfigurationIsVisible = 0;
			defaultConfigurationName = Release;
		};
		0AD374E4245BD70000D15701 /* Build configuration list for PBXNativeTarget "MVVMRxSwiftUITests" */ = {
			isa = XCConfigurationList;
			buildConfigurations = (
				0AD374E5245BD70000D15701 /* Debug */,
				0AD374E6245BD70000D15701 /* Release */,
			);
			defaultConfigurationIsVisible = 0;
			defaultConfigurationName = Release;
		};
/* End XCConfigurationList section */
	};
	rootObject = 0AD374AC245BD6FD00D15701 /* Project object */;
}
